
Microsoft Visual Studio Solution File, Format Version 12.00
# Visual Studio Version 17
VisualStudioVersion = 17.2.32630.192
MinimumVisualStudioVersion = 10.0.40219.1
Project("{FAE04EC0-301F-11D3-BF4B-00C04F79EFBC}") = "ErrorAmplifierCalculator", "ErrorAmplifierCalculator\ErrorAmplifierCalculator.csproj", "{8EE47C6E-B3C7-4D95-BF62-C95C1E166473}"
EndProject
Global
	GlobalSection(SolutionConfigurationPlatforms) = preSolution
		Debug|Any CPU = Debug|Any CPU
		Release|Any CPU = Release|Any CPU
	EndGlobalSection
	GlobalSection(ProjectConfigurationPlatforms) = postSolution
		{8EE47C6E-B3C7-4D95-BF62-C95C1E166473}.Debug|Any CPU.ActiveCfg = Debug|Any CPU
		{8EE47C6E-B3C7-4D95-BF62-C95C1E166473}.Debug|Any CPU.Build.0 = Debug|Any CPU
		{8EE47C6E-B3C7-4D95-BF62-C95C1E166473}.Release|Any CPU.ActiveCfg = Release|Any CPU
		{8EE47C6E-B3C7-4D95-BF62-C95C1E166473}.Release|Any CPU.Build.0 = Release|Any CPU
	EndGlobalSection
	GlobalSection(SolutionProperties) = preSolution
		HideSolutionNode = FALSE
	EndGlobalSection
	GlobalSection(ExtensibilityGlobals) = postSolution
		SolutionGuid = {73DCB8D9-49D9-46A9-8537-E7839953481C}
	EndGlobalSection
EndGlobal
